// !$*UTF8*$!
{
	archiveVersion = 1;
	classes = {
	};
	objectVersion = 56;
	objects = {

/* Begin PBXBuildFile section */
		DF0CE6B92BF34A8800DBEB22 /* SwiftUIPracticeApp.swift in Sources */ = {isa = PBXBuildFile; fileRef = DF0CE6B82BF34A8800DBEB22 /* SwiftUIPracticeApp.swift */; };
		DF0CE6BB2BF34A8800DBEB22 /* ContentView.swift in Sources */ = {isa = PBXBuildFile; fileRef = DF0CE6BA2BF34A8800DBEB22 /* ContentView.swift */; };
		DF0CE6BD2BF34A8A00DBEB22 /* Assets.xcassets in Resources */ = {isa = PBXBuildFile; fileRef = DF0CE6BC2BF34A8A00DBEB22 /* Assets.xcassets */; };
		DF0CE6C02BF34A8A00DBEB22 /* Preview Assets.xcassets in Resources */ = {isa = PBXBuildFile; fileRef = DF0CE6BF2BF34A8A00DBEB22 /* Preview Assets.xcassets */; };
		DF0CE6C82BF34C4300DBEB22 /* SDWebImageSwiftUI in Frameworks */ = {isa = PBXBuildFile; productRef = DF0CE6C72BF34C4300DBEB22 /* SDWebImageSwiftUI */; };
		DF0CE6CB2BF34C6200DBEB22 /* ImageLoaderView.swift in Sources */ = {isa = PBXBuildFile; fileRef = DF0CE6CA2BF34C6200DBEB22 /* ImageLoaderView.swift */; };
		DF0CE6CD2BF34D1E00DBEB22 /* Constants.swift in Sources */ = {isa = PBXBuildFile; fileRef = DF0CE6CC2BF34D1E00DBEB22 /* Constants.swift */; };
		DF0CE6CF2BF3501300DBEB22 /* DatabaseHelper.swift in Sources */ = {isa = PBXBuildFile; fileRef = DF0CE6CE2BF3501300DBEB22 /* DatabaseHelper.swift */; };
		DF0CE6D12BF355E400DBEB22 /* Product.swift in Sources */ = {isa = PBXBuildFile; fileRef = DF0CE6D02BF355E400DBEB22 /* Product.swift */; };
		DF0CE6D32BF355FD00DBEB22 /* User.swift in Sources */ = {isa = PBXBuildFile; fileRef = DF0CE6D22BF355FD00DBEB22 /* User.swift */; };
		DF0CE6D62BF3590A00DBEB22 /* SwiftfulUI in Frameworks */ = {isa = PBXBuildFile; productRef = DF0CE6D52BF3590A00DBEB22 /* SwiftfulUI */; };
		DF0CE6D92BF3593E00DBEB22 /* SwiftfulRouting in Frameworks */ = {isa = PBXBuildFile; productRef = DF0CE6D82BF3593E00DBEB22 /* SwiftfulRouting */; };
		DF0CE6DE2BF3618300DBEB22 /* SpotifyHomeView.swift in Sources */ = {isa = PBXBuildFile; fileRef = DF0CE6DD2BF3618300DBEB22 /* SpotifyHomeView.swift */; };
		DF0CE6E02BF364F400DBEB22 /* SpotifyCategoryCell.swift in Sources */ = {isa = PBXBuildFile; fileRef = DF0CE6DF2BF364F400DBEB22 /* SpotifyCategoryCell.swift */; };
		DF0CE6E32BF3687900DBEB22 /* Category.swift in Sources */ = {isa = PBXBuildFile; fileRef = DF0CE6E22BF3687800DBEB22 /* Category.swift */; };
		DF0CE6E52BF37CC200DBEB22 /* SpotifyRecentsCell.swift in Sources */ = {isa = PBXBuildFile; fileRef = DF0CE6E42BF37CC200DBEB22 /* SpotifyRecentsCell.swift */; };
		DF0CE6E72BF3853B00DBEB22 /* SpotifyNewReleaseCell.swift in Sources */ = {isa = PBXBuildFile; fileRef = DF0CE6E62BF3853B00DBEB22 /* SpotifyNewReleaseCell.swift */; };
		DF0CE6E92BF43B0800DBEB22 /* ImageTitleRowCell.swift in Sources */ = {isa = PBXBuildFile; fileRef = DF0CE6E82BF43B0800DBEB22 /* ImageTitleRowCell.swift */; };
		DF0CE6EB2BF44BFB00DBEB22 /* SpotifyPlaylistView.swift in Sources */ = {isa = PBXBuildFile; fileRef = DF0CE6EA2BF44BFB00DBEB22 /* SpotifyPlaylistView.swift */; };
		DF0CE6ED2BF44C2E00DBEB22 /* PlayListHeaderCell.swift in Sources */ = {isa = PBXBuildFile; fileRef = DF0CE6EC2BF44C2E00DBEB22 /* PlayListHeaderCell.swift */; };
		DF0CE6EF2BF454E900DBEB22 /* PlaylistDescriptionCell.swift in Sources */ = {isa = PBXBuildFile; fileRef = DF0CE6EE2BF454E900DBEB22 /* PlaylistDescriptionCell.swift */; };
		DF0CE6F12BF497AE00DBEB22 /* SongRowCell.swift in Sources */ = {isa = PBXBuildFile; fileRef = DF0CE6F02BF497AE00DBEB22 /* SongRowCell.swift */; };
		DFBCA3C02BF6E67B00FDBCF6 /* BumbleHomeView.swift in Sources */ = {isa = PBXBuildFile; fileRef = DFBCA3BF2BF6E67B00FDBCF6 /* BumbleHomeView.swift */; };
		DFBCA3C22BF6EB0600FDBCF6 /* BumbleFilterView.swift in Sources */ = {isa = PBXBuildFile; fileRef = DFBCA3C12BF6EB0600FDBCF6 /* BumbleFilterView.swift */; };
		DFBCA3C42BF6F78200FDBCF6 /* BumbleCardView.swift in Sources */ = {isa = PBXBuildFile; fileRef = DFBCA3C32BF6F78200FDBCF6 /* BumbleCardView.swift */; };
		DFBCA3C62BF6FFB400FDBCF6 /* BumbleHeartView.swift in Sources */ = {isa = PBXBuildFile; fileRef = DFBCA3C52BF6FFB400FDBCF6 /* BumbleHeartView.swift */; };
		DFBCA3C82BF733AE00FDBCF6 /* InterestPillView.swift in Sources */ = {isa = PBXBuildFile; fileRef = DFBCA3C72BF733AE00FDBCF6 /* InterestPillView.swift */; };
		DFBCA3CA2BF7371D00FDBCF6 /* InterestPillGridView.swift in Sources */ = {isa = PBXBuildFile; fileRef = DFBCA3C92BF7371D00FDBCF6 /* InterestPillGridView.swift */; };
/* End PBXBuildFile section */

/* Begin PBXFileReference section */
		DF0CE6B52BF34A8800DBEB22 /* SwiftUIPractice.app */ = {isa = PBXFileReference; explicitFileType = wrapper.application; includeInIndex = 0; path = SwiftUIPractice.app; sourceTree = BUILT_PRODUCTS_DIR; };
		DF0CE6B82BF34A8800DBEB22 /* SwiftUIPracticeApp.swift */ = {isa = PBXFileReference; lastKnownFileType = sourcecode.swift; path = SwiftUIPracticeApp.swift; sourceTree = "<group>"; };
		DF0CE6BA2BF34A8800DBEB22 /* ContentView.swift */ = {isa = PBXFileReference; lastKnownFileType = sourcecode.swift; path = ContentView.swift; sourceTree = "<group>"; };
		DF0CE6BC2BF34A8A00DBEB22 /* Assets.xcassets */ = {isa = PBXFileReference; lastKnownFileType = folder.assetcatalog; path = Assets.xcassets; sourceTree = "<group>"; };
		DF0CE6BF2BF34A8A00DBEB22 /* Preview Assets.xcassets */ = {isa = PBXFileReference; lastKnownFileType = folder.assetcatalog; path = "Preview Assets.xcassets"; sourceTree = "<group>"; };
		DF0CE6CA2BF34C6200DBEB22 /* ImageLoaderView.swift */ = {isa = PBXFileReference; lastKnownFileType = sourcecode.swift; path = ImageLoaderView.swift; sourceTree = "<group>"; };
		DF0CE6CC2BF34D1E00DBEB22 /* Constants.swift */ = {isa = PBXFileReference; lastKnownFileType = sourcecode.swift; path = Constants.swift; sourceTree = "<group>"; };
		DF0CE6CE2BF3501300DBEB22 /* DatabaseHelper.swift */ = {isa = PBXFileReference; lastKnownFileType = sourcecode.swift; path = DatabaseHelper.swift; sourceTree = "<group>"; };
		DF0CE6D02BF355E400DBEB22 /* Product.swift */ = {isa = PBXFileReference; lastKnownFileType = sourcecode.swift; path = Product.swift; sourceTree = "<group>"; };
		DF0CE6D22BF355FD00DBEB22 /* User.swift */ = {isa = PBXFileReference; lastKnownFileType = sourcecode.swift; path = User.swift; sourceTree = "<group>"; };
		DF0CE6DD2BF3618300DBEB22 /* SpotifyHomeView.swift */ = {isa = PBXFileReference; lastKnownFileType = sourcecode.swift; path = SpotifyHomeView.swift; sourceTree = "<group>"; };
		DF0CE6DF2BF364F400DBEB22 /* SpotifyCategoryCell.swift */ = {isa = PBXFileReference; lastKnownFileType = sourcecode.swift; path = SpotifyCategoryCell.swift; sourceTree = "<group>"; };
		DF0CE6E22BF3687800DBEB22 /* Category.swift */ = {isa = PBXFileReference; lastKnownFileType = sourcecode.swift; path = Category.swift; sourceTree = "<group>"; };
		DF0CE6E42BF37CC200DBEB22 /* SpotifyRecentsCell.swift */ = {isa = PBXFileReference; lastKnownFileType = sourcecode.swift; path = SpotifyRecentsCell.swift; sourceTree = "<group>"; };
		DF0CE6E62BF3853B00DBEB22 /* SpotifyNewReleaseCell.swift */ = {isa = PBXFileReference; lastKnownFileType = sourcecode.swift; path = SpotifyNewReleaseCell.swift; sourceTree = "<group>"; };
		DF0CE6E82BF43B0800DBEB22 /* ImageTitleRowCell.swift */ = {isa = PBXFileReference; lastKnownFileType = sourcecode.swift; path = ImageTitleRowCell.swift; sourceTree = "<group>"; };
		DF0CE6EA2BF44BFB00DBEB22 /* SpotifyPlaylistView.swift */ = {isa = PBXFileReference; lastKnownFileType = sourcecode.swift; path = SpotifyPlaylistView.swift; sourceTree = "<group>"; };
		DF0CE6EC2BF44C2E00DBEB22 /* PlayListHeaderCell.swift */ = {isa = PBXFileReference; lastKnownFileType = sourcecode.swift; path = PlayListHeaderCell.swift; sourceTree = "<group>"; };
		DF0CE6EE2BF454E900DBEB22 /* PlaylistDescriptionCell.swift */ = {isa = PBXFileReference; lastKnownFileType = sourcecode.swift; path = PlaylistDescriptionCell.swift; sourceTree = "<group>"; };
		DF0CE6F02BF497AE00DBEB22 /* SongRowCell.swift */ = {isa = PBXFileReference; lastKnownFileType = sourcecode.swift; path = SongRowCell.swift; sourceTree = "<group>"; };
		DFBCA3BF2BF6E67B00FDBCF6 /* BumbleHomeView.swift */ = {isa = PBXFileReference; lastKnownFileType = sourcecode.swift; path = BumbleHomeView.swift; sourceTree = "<group>"; };
		DFBCA3C12BF6EB0600FDBCF6 /* BumbleFilterView.swift */ = {isa = PBXFileReference; lastKnownFileType = sourcecode.swift; path = BumbleFilterView.swift; sourceTree = "<group>"; };
		DFBCA3C32BF6F78200FDBCF6 /* BumbleCardView.swift */ = {isa = PBXFileReference; lastKnownFileType = sourcecode.swift; path = BumbleCardView.swift; sourceTree = "<group>"; };
		DFBCA3C52BF6FFB400FDBCF6 /* BumbleHeartView.swift */ = {isa = PBXFileReference; lastKnownFileType = sourcecode.swift; path = BumbleHeartView.swift; sourceTree = "<group>"; };
		DFBCA3C72BF733AE00FDBCF6 /* InterestPillView.swift */ = {isa = PBXFileReference; lastKnownFileType = sourcecode.swift; path = InterestPillView.swift; sourceTree = "<group>"; };
		DFBCA3C92BF7371D00FDBCF6 /* InterestPillGridView.swift */ = {isa = PBXFileReference; lastKnownFileType = sourcecode.swift; path = InterestPillGridView.swift; sourceTree = "<group>"; };
/* End PBXFileReference section */

/* Begin PBXFrameworksBuildPhase section */
		DF0CE6B22BF34A8800DBEB22 /* Frameworks */ = {
			isa = PBXFrameworksBuildPhase;
			buildActionMask = 2147483647;
			files = (
				DF0CE6D62BF3590A00DBEB22 /* SwiftfulUI in Frameworks */,
				DF0CE6D92BF3593E00DBEB22 /* SwiftfulRouting in Frameworks */,
				DF0CE6C82BF34C4300DBEB22 /* SDWebImageSwiftUI in Frameworks */,
			);
			runOnlyForDeploymentPostprocessing = 0;
		};
/* End PBXFrameworksBuildPhase section */

/* Begin PBXGroup section */
		DF0CE6AC2BF34A8700DBEB22 = {
			isa = PBXGroup;
			children = (
				DF0CE6B72BF34A8800DBEB22 /* SwiftUIPractice */,
				DF0CE6B62BF34A8800DBEB22 /* Products */,
			);
			sourceTree = "<group>";
		};
		DF0CE6B62BF34A8800DBEB22 /* Products */ = {
			isa = PBXGroup;
			children = (
				DF0CE6B52BF34A8800DBEB22 /* SwiftUIPractice.app */,
			);
			name = Products;
			sourceTree = "<group>";
		};
		DF0CE6B72BF34A8800DBEB22 /* SwiftUIPractice */ = {
			isa = PBXGroup;
			children = (
				DFBCA3BC2BF6E65400FDBCF6 /* Bumble */,
				DF0CE6DA2BF3613A00DBEB22 /* Spotify */,
				DF0CE6C92BF34C4900DBEB22 /* Shared */,
				DF0CE6B82BF34A8800DBEB22 /* SwiftUIPracticeApp.swift */,
				DF0CE6BA2BF34A8800DBEB22 /* ContentView.swift */,
				DF0CE6BC2BF34A8A00DBEB22 /* Assets.xcassets */,
				DF0CE6BE2BF34A8A00DBEB22 /* Preview Content */,
			);
			path = SwiftUIPractice;
			sourceTree = "<group>";
		};
		DF0CE6BE2BF34A8A00DBEB22 /* Preview Content */ = {
			isa = PBXGroup;
			children = (
				DF0CE6BF2BF34A8A00DBEB22 /* Preview Assets.xcassets */,
			);
			path = "Preview Content";
			sourceTree = "<group>";
		};
		DF0CE6C92BF34C4900DBEB22 /* Shared */ = {
			isa = PBXGroup;
			children = (
				DF0CE6CA2BF34C6200DBEB22 /* ImageLoaderView.swift */,
				DF0CE6CC2BF34D1E00DBEB22 /* Constants.swift */,
				DF0CE6CE2BF3501300DBEB22 /* DatabaseHelper.swift */,
				DF0CE6D02BF355E400DBEB22 /* Product.swift */,
				DF0CE6D22BF355FD00DBEB22 /* User.swift */,
			);
			path = Shared;
			sourceTree = "<group>";
		};
		DF0CE6DA2BF3613A00DBEB22 /* Spotify */ = {
			isa = PBXGroup;
			children = (
				DF0CE6E12BF3686900DBEB22 /* Models */,
				DF0CE6DC2BF3615100DBEB22 /* Components */,
				DF0CE6DB2BF3614400DBEB22 /* Core */,
			);
			path = Spotify;
			sourceTree = "<group>";
		};
		DF0CE6DB2BF3614400DBEB22 /* Core */ = {
			isa = PBXGroup;
			children = (
				DF0CE6DD2BF3618300DBEB22 /* SpotifyHomeView.swift */,
				DF0CE6EA2BF44BFB00DBEB22 /* SpotifyPlaylistView.swift */,
			);
			path = Core;
			sourceTree = "<group>";
		};
		DF0CE6DC2BF3615100DBEB22 /* Components */ = {
			isa = PBXGroup;
			children = (
				DF0CE6DF2BF364F400DBEB22 /* SpotifyCategoryCell.swift */,
				DF0CE6E42BF37CC200DBEB22 /* SpotifyRecentsCell.swift */,
				DF0CE6E62BF3853B00DBEB22 /* SpotifyNewReleaseCell.swift */,
				DF0CE6E82BF43B0800DBEB22 /* ImageTitleRowCell.swift */,
				DF0CE6EC2BF44C2E00DBEB22 /* PlayListHeaderCell.swift */,
				DF0CE6EE2BF454E900DBEB22 /* PlaylistDescriptionCell.swift */,
				DF0CE6F02BF497AE00DBEB22 /* SongRowCell.swift */,
			);
			path = Components;
			sourceTree = "<group>";
		};
		DF0CE6E12BF3686900DBEB22 /* Models */ = {
			isa = PBXGroup;
			children = (
				DF0CE6E22BF3687800DBEB22 /* Category.swift */,
			);
			path = Models;
			sourceTree = "<group>";
		};
		DFBCA3BC2BF6E65400FDBCF6 /* Bumble */ = {
			isa = PBXGroup;
			children = (
				DFBCA3BE2BF6E66C00FDBCF6 /* Core */,
				DFBCA3BD2BF6E65D00FDBCF6 /* Components */,
			);
			path = Bumble;
			sourceTree = "<group>";
		};
		DFBCA3BD2BF6E65D00FDBCF6 /* Components */ = {
			isa = PBXGroup;
			children = (
				DFBCA3C12BF6EB0600FDBCF6 /* BumbleFilterView.swift */,
				DFBCA3C32BF6F78200FDBCF6 /* BumbleCardView.swift */,
				DFBCA3C52BF6FFB400FDBCF6 /* BumbleHeartView.swift */,
				DFBCA3C72BF733AE00FDBCF6 /* InterestPillView.swift */,
				DFBCA3C92BF7371D00FDBCF6 /* InterestPillGridView.swift */,
			);
			path = Components;
			sourceTree = "<group>";
		};
		DFBCA3BE2BF6E66C00FDBCF6 /* Core */ = {
			isa = PBXGroup;
			children = (
				DFBCA3BF2BF6E67B00FDBCF6 /* BumbleHomeView.swift */,
			);
			path = Core;
			sourceTree = "<group>";
		};
/* End PBXGroup section */

/* Begin PBXNativeTarget section */
		DF0CE6B42BF34A8800DBEB22 /* SwiftUIPractice */ = {
			isa = PBXNativeTarget;
			buildConfigurationList = DF0CE6C32BF34A8A00DBEB22 /* Build configuration list for PBXNativeTarget "SwiftUIPractice" */;
			buildPhases = (
				DF0CE6B12BF34A8800DBEB22 /* Sources */,
				DF0CE6B22BF34A8800DBEB22 /* Frameworks */,
				DF0CE6B32BF34A8800DBEB22 /* Resources */,
			);
			buildRules = (
			);
			dependencies = (
			);
			name = SwiftUIPractice;
			packageProductDependencies = (
				DF0CE6C72BF34C4300DBEB22 /* SDWebImageSwiftUI */,
				DF0CE6D52BF3590A00DBEB22 /* SwiftfulUI */,
				DF0CE6D82BF3593E00DBEB22 /* SwiftfulRouting */,
			);
			productName = SwiftUIPractice;
			productReference = DF0CE6B52BF34A8800DBEB22 /* SwiftUIPractice.app */;
			productType = "com.apple.product-type.application";
		};
/* End PBXNativeTarget section */

/* Begin PBXProject section */
		DF0CE6AD2BF34A8700DBEB22 /* Project object */ = {
			isa = PBXProject;
			attributes = {
				BuildIndependentTargetsInParallel = 1;
				LastSwiftUpdateCheck = 1520;
				LastUpgradeCheck = 1520;
				TargetAttributes = {
					DF0CE6B42BF34A8800DBEB22 = {
						CreatedOnToolsVersion = 15.2;
					};
				};
			};
			buildConfigurationList = DF0CE6B02BF34A8700DBEB22 /* Build configuration list for PBXProject "SwiftUIPractice" */;
			compatibilityVersion = "Xcode 14.0";
			developmentRegion = en;
			hasScannedForEncodings = 0;
			knownRegions = (
				en,
				Base,
			);
			mainGroup = DF0CE6AC2BF34A8700DBEB22;
			packageReferences = (
				DF0CE6C62BF34C4300DBEB22 /* XCRemoteSwiftPackageReference "SDWebImageSwiftUI" */,
				DF0CE6D42BF3590A00DBEB22 /* XCRemoteSwiftPackageReference "SwiftfulUI" */,
				DF0CE6D72BF3593E00DBEB22 /* XCRemoteSwiftPackageReference "SwiftfulRouting" */,
			);
			productRefGroup = DF0CE6B62BF34A8800DBEB22 /* Products */;
			projectDirPath = "";
			projectRoot = "";
			targets = (
				DF0CE6B42BF34A8800DBEB22 /* SwiftUIPractice */,
			);
		};
/* End PBXProject section */

/* Begin PBXResourcesBuildPhase section */
		DF0CE6B32BF34A8800DBEB22 /* Resources */ = {
			isa = PBXResourcesBuildPhase;
			buildActionMask = 2147483647;
			files = (
				DF0CE6C02BF34A8A00DBEB22 /* Preview Assets.xcassets in Resources */,
				DF0CE6BD2BF34A8A00DBEB22 /* Assets.xcassets in Resources */,
			);
			runOnlyForDeploymentPostprocessing = 0;
		};
/* End PBXResourcesBuildPhase section */

/* Begin PBXSourcesBuildPhase section */
		DF0CE6B12BF34A8800DBEB22 /* Sources */ = {
			isa = PBXSourcesBuildPhase;
			buildActionMask = 2147483647;
			files = (
				DF0CE6CB2BF34C6200DBEB22 /* ImageLoaderView.swift in Sources */,
				DF0CE6E32BF3687900DBEB22 /* Category.swift in Sources */,
				DFBCA3C82BF733AE00FDBCF6 /* InterestPillView.swift in Sources */,
				DF0CE6E92BF43B0800DBEB22 /* ImageTitleRowCell.swift in Sources */,
				DFBCA3C42BF6F78200FDBCF6 /* BumbleCardView.swift in Sources */,
				DF0CE6E02BF364F400DBEB22 /* SpotifyCategoryCell.swift in Sources */,
				DFBCA3C02BF6E67B00FDBCF6 /* BumbleHomeView.swift in Sources */,
				DF0CE6E72BF3853B00DBEB22 /* SpotifyNewReleaseCell.swift in Sources */,
				DF0CE6D12BF355E400DBEB22 /* Product.swift in Sources */,
				DF0CE6DE2BF3618300DBEB22 /* SpotifyHomeView.swift in Sources */,
				DFBCA3CA2BF7371D00FDBCF6 /* InterestPillGridView.swift in Sources */,
				DF0CE6EB2BF44BFB00DBEB22 /* SpotifyPlaylistView.swift in Sources */,
				DF0CE6CF2BF3501300DBEB22 /* DatabaseHelper.swift in Sources */,
				DF0CE6EF2BF454E900DBEB22 /* PlaylistDescriptionCell.swift in Sources */,
				DF0CE6BB2BF34A8800DBEB22 /* ContentView.swift in Sources */,
				DF0CE6B92BF34A8800DBEB22 /* SwiftUIPracticeApp.swift in Sources */,
				DF0CE6E52BF37CC200DBEB22 /* SpotifyRecentsCell.swift in Sources */,
				DF0CE6ED2BF44C2E00DBEB22 /* PlayListHeaderCell.swift in Sources */,
				DFBCA3C22BF6EB0600FDBCF6 /* BumbleFilterView.swift in Sources */,
				DF0CE6F12BF497AE00DBEB22 /* SongRowCell.swift in Sources */,
				DFBCA3C62BF6FFB400FDBCF6 /* BumbleHeartView.swift in Sources */,
				DF0CE6CD2BF34D1E00DBEB22 /* Constants.swift in Sources */,
				DF0CE6D32BF355FD00DBEB22 /* User.swift in Sources */,
			);
			runOnlyForDeploymentPostprocessing = 0;
		};
/* End PBXSourcesBuildPhase section */

/* Begin XCBuildConfiguration section */
		DF0CE6C12BF34A8A00DBEB22 /* Debug */ = {
			isa = XCBuildConfiguration;
			buildSettings = {
				ALWAYS_SEARCH_USER_PATHS = NO;
				ASSETCATALOG_COMPILER_GENERATE_SWIFT_ASSET_SYMBOL_EXTENSIONS = YES;
				CLANG_ANALYZER_NONNULL = YES;
				CLANG_ANALYZER_NUMBER_OBJECT_CONVERSION = YES_AGGRESSIVE;
				CLANG_CXX_LANGUAGE_STANDARD = "gnu++20";
				CLANG_ENABLE_MODULES = YES;
				CLANG_ENABLE_OBJC_ARC = YES;
				CLANG_ENABLE_OBJC_WEAK = YES;
				CLANG_WARN_BLOCK_CAPTURE_AUTORELEASING = YES;
				CLANG_WARN_BOOL_CONVERSION = YES;
				CLANG_WARN_COMMA = YES;
				CLANG_WARN_CONSTANT_CONVERSION = YES;
				CLANG_WARN_DEPRECATED_OBJC_IMPLEMENTATIONS = YES;
				CLANG_WARN_DIRECT_OBJC_ISA_USAGE = YES_ERROR;
				CLANG_WARN_DOCUMENTATION_COMMENTS = YES;
				CLANG_WARN_EMPTY_BODY = YES;
				CLANG_WARN_ENUM_CONVERSION = YES;
				CLANG_WARN_INFINITE_RECURSION = YES;
				CLANG_WARN_INT_CONVERSION = YES;
				CLANG_WARN_NON_LITERAL_NULL_CONVERSION = YES;
				CLANG_WARN_OBJC_IMPLICIT_RETAIN_SELF = YES;
				CLANG_WARN_OBJC_LITERAL_CONVERSION = YES;
				CLANG_WARN_OBJC_ROOT_CLASS = YES_ERROR;
				CLANG_WARN_QUOTED_INCLUDE_IN_FRAMEWORK_HEADER = YES;
				CLANG_WARN_RANGE_LOOP_ANALYSIS = YES;
				CLANG_WARN_STRICT_PROTOTYPES = YES;
				CLANG_WARN_SUSPICIOUS_MOVE = YES;
				CLANG_WARN_UNGUARDED_AVAILABILITY = YES_AGGRESSIVE;
				CLANG_WARN_UNREACHABLE_CODE = YES;
				CLANG_WARN__DUPLICATE_METHOD_MATCH = YES;
				COPY_PHASE_STRIP = NO;
				DEBUG_INFORMATION_FORMAT = dwarf;
				ENABLE_STRICT_OBJC_MSGSEND = YES;
				ENABLE_TESTABILITY = YES;
				ENABLE_USER_SCRIPT_SANDBOXING = YES;
				GCC_C_LANGUAGE_STANDARD = gnu17;
				GCC_DYNAMIC_NO_PIC = NO;
				GCC_NO_COMMON_BLOCKS = YES;
				GCC_OPTIMIZATION_LEVEL = 0;
				GCC_PREPROCESSOR_DEFINITIONS = (
					"DEBUG=1",
					"$(inherited)",
				);
				GCC_WARN_64_TO_32_BIT_CONVERSION = YES;
				GCC_WARN_ABOUT_RETURN_TYPE = YES_ERROR;
				GCC_WARN_UNDECLARED_SELECTOR = YES;
				GCC_WARN_UNINITIALIZED_AUTOS = YES_AGGRESSIVE;
				GCC_WARN_UNUSED_FUNCTION = YES;
				GCC_WARN_UNUSED_VARIABLE = YES;
				IPHONEOS_DEPLOYMENT_TARGET = 17.2;
				LOCALIZATION_PREFERS_STRING_CATALOGS = YES;
				MTL_ENABLE_DEBUG_INFO = INCLUDE_SOURCE;
				MTL_FAST_MATH = YES;
				ONLY_ACTIVE_ARCH = YES;
				SDKROOT = iphoneos;
				SWIFT_ACTIVE_COMPILATION_CONDITIONS = "DEBUG $(inherited)";
				SWIFT_OPTIMIZATION_LEVEL = "-Onone";
			};
			name = Debug;
		};
		DF0CE6C22BF34A8A00DBEB22 /* Release */ = {
			isa = XCBuildConfiguration;
			buildSettings = {
				ALWAYS_SEARCH_USER_PATHS = NO;
				ASSETCATALOG_COMPILER_GENERATE_SWIFT_ASSET_SYMBOL_EXTENSIONS = YES;
				CLANG_ANALYZER_NONNULL = YES;
				CLANG_ANALYZER_NUMBER_OBJECT_CONVERSION = YES_AGGRESSIVE;
				CLANG_CXX_LANGUAGE_STANDARD = "gnu++20";
				CLANG_ENABLE_MODULES = YES;
				CLANG_ENABLE_OBJC_ARC = YES;
				CLANG_ENABLE_OBJC_WEAK = YES;
				CLANG_WARN_BLOCK_CAPTURE_AUTORELEASING = YES;
				CLANG_WARN_BOOL_CONVERSION = YES;
				CLANG_WARN_COMMA = YES;
				CLANG_WARN_CONSTANT_CONVERSION = YES;
				CLANG_WARN_DEPRECATED_OBJC_IMPLEMENTATIONS = YES;
				CLANG_WARN_DIRECT_OBJC_ISA_USAGE = YES_ERROR;
				CLANG_WARN_DOCUMENTATION_COMMENTS = YES;
				CLANG_WARN_EMPTY_BODY = YES;
				CLANG_WARN_ENUM_CONVERSION = YES;
				CLANG_WARN_INFINITE_RECURSION = YES;
				CLANG_WARN_INT_CONVERSION = YES;
				CLANG_WARN_NON_LITERAL_NULL_CONVERSION = YES;
				CLANG_WARN_OBJC_IMPLICIT_RETAIN_SELF = YES;
				CLANG_WARN_OBJC_LITERAL_CONVERSION = YES;
				CLANG_WARN_OBJC_ROOT_CLASS = YES_ERROR;
				CLANG_WARN_QUOTED_INCLUDE_IN_FRAMEWORK_HEADER = YES;
				CLANG_WARN_RANGE_LOOP_ANALYSIS = YES;
				CLANG_WARN_STRICT_PROTOTYPES = YES;
				CLANG_WARN_SUSPICIOUS_MOVE = YES;
				CLANG_WARN_UNGUARDED_AVAILABILITY = YES_AGGRESSIVE;
				CLANG_WARN_UNREACHABLE_CODE = YES;
				CLANG_WARN__DUPLICATE_METHOD_MATCH = YES;
				COPY_PHASE_STRIP = NO;
				DEBUG_INFORMATION_FORMAT = "dwarf-with-dsym";
				ENABLE_NS_ASSERTIONS = NO;
				ENABLE_STRICT_OBJC_MSGSEND = YES;
				ENABLE_USER_SCRIPT_SANDBOXING = YES;
				GCC_C_LANGUAGE_STANDARD = gnu17;
				GCC_NO_COMMON_BLOCKS = YES;
				GCC_WARN_64_TO_32_BIT_CONVERSION = YES;
				GCC_WARN_ABOUT_RETURN_TYPE = YES_ERROR;
				GCC_WARN_UNDECLARED_SELECTOR = YES;
				GCC_WARN_UNINITIALIZED_AUTOS = YES_AGGRESSIVE;
				GCC_WARN_UNUSED_FUNCTION = YES;
				GCC_WARN_UNUSED_VARIABLE = YES;
				IPHONEOS_DEPLOYMENT_TARGET = 17.2;
				LOCALIZATION_PREFERS_STRING_CATALOGS = YES;
				MTL_ENABLE_DEBUG_INFO = NO;
				MTL_FAST_MATH = YES;
				SDKROOT = iphoneos;
				SWIFT_COMPILATION_MODE = wholemodule;
				VALIDATE_PRODUCT = YES;
			};
			name = Release;
		};
		DF0CE6C42BF34A8A00DBEB22 /* Debug */ = {
			isa = XCBuildConfiguration;
			buildSettings = {
				ASSETCATALOG_COMPILER_APPICON_NAME = AppIcon;
				ASSETCATALOG_COMPILER_GLOBAL_ACCENT_COLOR_NAME = AccentColor;
				CODE_SIGN_STYLE = Automatic;
				CURRENT_PROJECT_VERSION = 1;
				DEVELOPMENT_ASSET_PATHS = "\"SwiftUIPractice/Preview Content\"";
				DEVELOPMENT_TEAM = JF56Q52HA5;
				ENABLE_PREVIEWS = YES;
				GENERATE_INFOPLIST_FILE = YES;
				INFOPLIST_KEY_UIApplicationSceneManifest_Generation = YES;
				INFOPLIST_KEY_UIApplicationSupportsIndirectInputEvents = YES;
				INFOPLIST_KEY_UILaunchScreen_Generation = YES;
				INFOPLIST_KEY_UISupportedInterfaceOrientations_iPad = "UIInterfaceOrientationPortrait UIInterfaceOrientationPortraitUpsideDown UIInterfaceOrientationLandscapeLeft UIInterfaceOrientationLandscapeRight";
				INFOPLIST_KEY_UISupportedInterfaceOrientations_iPhone = "UIInterfaceOrientationPortrait UIInterfaceOrientationLandscapeLeft UIInterfaceOrientationLandscapeRight";
				LD_RUNPATH_SEARCH_PATHS = (
					"$(inherited)",
					"@executable_path/Frameworks",
				);
				MARKETING_VERSION = 1.0;
				PRODUCT_BUNDLE_IDENTIFIER = com.luke.SwiftUIPractice.SwiftUIPractice;
				PRODUCT_NAME = "$(TARGET_NAME)";
				SWIFT_EMIT_LOC_STRINGS = YES;
				SWIFT_VERSION = 5.0;
				TARGETED_DEVICE_FAMILY = "1,2";
			};
			name = Debug;
		};
		DF0CE6C52BF34A8A00DBEB22 /* Release */ = {
			isa = XCBuildConfiguration;
			buildSettings = {
				ASSETCATALOG_COMPILER_APPICON_NAME = AppIcon;
				ASSETCATALOG_COMPILER_GLOBAL_ACCENT_COLOR_NAME = AccentColor;
				CODE_SIGN_STYLE = Automatic;
				CURRENT_PROJECT_VERSION = 1;
				DEVELOPMENT_ASSET_PATHS = "\"SwiftUIPractice/Preview Content\"";
				DEVELOPMENT_TEAM = JF56Q52HA5;
				ENABLE_PREVIEWS = YES;
				GENERATE_INFOPLIST_FILE = YES;
				INFOPLIST_KEY_UIApplicationSceneManifest_Generation = YES;
				INFOPLIST_KEY_UIApplicationSupportsIndirectInputEvents = YES;
				INFOPLIST_KEY_UILaunchScreen_Generation = YES;
				INFOPLIST_KEY_UISupportedInterfaceOrientations_iPad = "UIInterfaceOrientationPortrait UIInterfaceOrientationPortraitUpsideDown UIInterfaceOrientationLandscapeLeft UIInterfaceOrientationLandscapeRight";
				INFOPLIST_KEY_UISupportedInterfaceOrientations_iPhone = "UIInterfaceOrientationPortrait UIInterfaceOrientationLandscapeLeft UIInterfaceOrientationLandscapeRight";
				LD_RUNPATH_SEARCH_PATHS = (
					"$(inherited)",
					"@executable_path/Frameworks",
				);
				MARKETING_VERSION = 1.0;
				PRODUCT_BUNDLE_IDENTIFIER = com.luke.SwiftUIPractice.SwiftUIPractice;
				PRODUCT_NAME = "$(TARGET_NAME)";
				SWIFT_EMIT_LOC_STRINGS = YES;
				SWIFT_VERSION = 5.0;
				TARGETED_DEVICE_FAMILY = "1,2";
			};
			name = Release;
		};
/* End XCBuildConfiguration section */

/* Begin XCConfigurationList section */
		DF0CE6B02BF34A8700DBEB22 /* Build configuration list for PBXProject "SwiftUIPractice" */ = {
			isa = XCConfigurationList;
			buildConfigurations = (
				DF0CE6C12BF34A8A00DBEB22 /* Debug */,
				DF0CE6C22BF34A8A00DBEB22 /* Release */,
			);
			defaultConfigurationIsVisible = 0;
			defaultConfigurationName = Release;
		};
		DF0CE6C32BF34A8A00DBEB22 /* Build configuration list for PBXNativeTarget "SwiftUIPractice" */ = {
			isa = XCConfigurationList;
			buildConfigurations = (
				DF0CE6C42BF34A8A00DBEB22 /* Debug */,
				DF0CE6C52BF34A8A00DBEB22 /* Release */,
			);
			defaultConfigurationIsVisible = 0;
			defaultConfigurationName = Release;
		};
/* End XCConfigurationList section */

/* Begin XCRemoteSwiftPackageReference section */
		DF0CE6C62BF34C4300DBEB22 /* XCRemoteSwiftPackageReference "SDWebImageSwiftUI" */ = {
			isa = XCRemoteSwiftPackageReference;
			repositoryURL = "https://github.com/SDWebImage/SDWebImageSwiftUI.git";
			requirement = {
				kind = upToNextMajorVersion;
				minimumVersion = 3.0.4;
			};
		};
		DF0CE6D42BF3590A00DBEB22 /* XCRemoteSwiftPackageReference "SwiftfulUI" */ = {
			isa = XCRemoteSwiftPackageReference;
			repositoryURL = "https://github.com/SwiftfulThinking/SwiftfulUI.git";
			requirement = {
				kind = upToNextMajorVersion;
				minimumVersion = 1.2.0;
			};
		};
		DF0CE6D72BF3593E00DBEB22 /* XCRemoteSwiftPackageReference "SwiftfulRouting" */ = {
			isa = XCRemoteSwiftPackageReference;
			repositoryURL = "https://github.com/SwiftfulThinking/SwiftfulRouting.git";
			requirement = {
				kind = upToNextMajorVersion;
				minimumVersion = 5.3.4;
			};
		};
/* End XCRemoteSwiftPackageReference section */

/* Begin XCSwiftPackageProductDependency section */
		DF0CE6C72BF34C4300DBEB22 /* SDWebImageSwiftUI */ = {
			isa = XCSwiftPackageProductDependency;
			package = DF0CE6C62BF34C4300DBEB22 /* XCRemoteSwiftPackageReference "SDWebImageSwiftUI" */;
			productName = SDWebImageSwiftUI;
		};
		DF0CE6D52BF3590A00DBEB22 /* SwiftfulUI */ = {
			isa = XCSwiftPackageProductDependency;
			package = DF0CE6D42BF3590A00DBEB22 /* XCRemoteSwiftPackageReference "SwiftfulUI" */;
			productName = SwiftfulUI;
		};
		DF0CE6D82BF3593E00DBEB22 /* SwiftfulRouting */ = {
			isa = XCSwiftPackageProductDependency;
			package = DF0CE6D72BF3593E00DBEB22 /* XCRemoteSwiftPackageReference "SwiftfulRouting" */;
			productName = SwiftfulRouting;
		};
/* End XCSwiftPackageProductDependency section */
	};
	rootObject = DF0CE6AD2BF34A8700DBEB22 /* Project object */;
}
